// !$*UTF8*$!
{
	archiveVersion = 1;
	classes = {
	};
	objectVersion = 90;
	objects = {

/* Begin PBXBuildFile section */
		51E66F912F073D9900DCCD3E /* HealthKit.framework in Frameworks */ = {isa = PBXBuildFile; fileRef = 51E66F902F073D9900DCCD3E /* HealthKit.framework */; };
		51E66FA92F073D9900DCCD3E /* HealthKitWrapper.framework in Frameworks */ = {isa = PBXBuildFile; fileRef = 51E66F852F073D9900DCCD3E /* HealthKitWrapper.framework */; };
		51E66FAA2F073D9900DCCD3E /* HealthKit.framework in Frameworks */ = {isa = PBXBuildFile; fileRef = 51E66F902F073D9900DCCD3E /* HealthKit.framework */; };
		51E66FAE2F073D9900DCCD3E /* HealthKitWrapper.framework in Embed Frameworks */ = {isa = PBXBuildFile; fileRef = 51E66F852F073D9900DCCD3E /* HealthKitWrapper.framework */; settings = {ATTRIBUTES = (CodeSignOnCopy, RemoveHeadersOnCopy, ); }; };
		51E671852F084D1C00DCCD3E /* TestWatchApp.app in Embed Watch Content */ = {isa = PBXBuildFile; fileRef = 51E6717B2F084D1B00DCCD3E /* TestWatchApp.app */; settings = {ATTRIBUTES = (RemoveHeadersOnCopy, ); }; };
/* End PBXBuildFile section */

/* Begin PBXContainerItemProxy section */
		51E66FAC2F073D9900DCCD3E /* PBXContainerItemProxy */ = {
			isa = PBXContainerItemProxy;
			containerPortal = 51E66F7C2F073D9900DCCD3E /* Project object */;
			proxyType = 1;
			remoteGlobalIDString = 51E66F842F073D9900DCCD3E;
			remoteInfo = HealthKitWrapper;
		};
		51E671832F084D1C00DCCD3E /* PBXContainerItemProxy */ = {
			isa = PBXContainerItemProxy;
			containerPortal = 51E66F7C2F073D9900DCCD3E /* Project object */;
			proxyType = 1;
			remoteGlobalIDString = 51E6717A2F084D1B00DCCD3E;
			remoteInfo = TestWatchApp;
		};
/* End PBXContainerItemProxy section */

/* Begin PBXCopyFilesBuildPhase section */
		51E66FAD2F073D9900DCCD3E /* Embed Frameworks */ = {
			isa = PBXCopyFilesBuildPhase;
			dstPath = "";
			dstSubfolder = Frameworks;
			files = (
				51E66FAE2F073D9900DCCD3E /* HealthKitWrapper.framework in Embed Frameworks */,
			);
			name = "Embed Frameworks";
		};
		51E671892F084D1C00DCCD3E /* Embed Watch Content */ = {
			isa = PBXCopyFilesBuildPhase;
			dstPath = "$(CONTENTS_FOLDER_PATH)/Watch";
			dstSubfolder = Product;
			files = (
				51E671852F084D1C00DCCD3E /* TestWatchApp.app in Embed Watch Content */,
			);
			name = "Embed Watch Content";
		};
/* End PBXCopyFilesBuildPhase section */

/* Begin PBXFileReference section */
		51E66F852F073D9900DCCD3E /* HealthKitWrapper.framework */ = {isa = PBXFileReference; explicitFileType = wrapper.framework; includeInIndex = 0; path = HealthKitWrapper.framework; sourceTree = BUILT_PRODUCTS_DIR; };
		51E66F902F073D9900DCCD3E /* HealthKit.framework */ = {isa = PBXFileReference; lastKnownFileType = wrapper.framework; name = HealthKit.framework; path = System/Library/Frameworks/HealthKit.framework; sourceTree = SDKROOT; };
		51E66FA02F073D9900DCCD3E /* TestApp.app */ = {isa = PBXFileReference; explicitFileType = wrapper.application; includeInIndex = 0; path = TestApp.app; sourceTree = BUILT_PRODUCTS_DIR; };
		51E6717B2F084D1B00DCCD3E /* TestWatchApp.app */ = {isa = PBXFileReference; explicitFileType = wrapper.application; includeInIndex = 0; path = TestWatchApp.app; sourceTree = BUILT_PRODUCTS_DIR; };
/* End PBXFileReference section */

/* Begin PBXFileSystemSynchronizedBuildFileExceptionSet section */
		51E66FB02F073D9900DCCD3E /* Exceptions for "TestApp" folder in "TestApp" target */ = {
			isa = PBXFileSystemSynchronizedBuildFileExceptionSet;
			membershipExceptions = (
				Info.plist,
			);
			target = 51E66FA22F073D9900DCCD3E /* TestApp */;
		};
		51E671902F084E0000DCCD3E /* Exceptions for "WatchApp Watch App" folder in "TestWatchApp" target */ = {
			isa = PBXFileSystemSynchronizedBuildFileExceptionSet;
			membershipExceptions = (
				Info.plist,
			);
			target = 51E6717A2F084D1B00DCCD3E /* TestWatchApp */;
		};
/* End PBXFileSystemSynchronizedBuildFileExceptionSet section */

/* Begin PBXFileSystemSynchronizedRootGroup section */
		51E66F872F073D9900DCCD3E /* HealthKitWrapper */ = {
			isa = PBXFileSystemSynchronizedRootGroup;
			path = HealthKitWrapper;
			sourceTree = "<group>";
		};
		51E66FA12F073D9900DCCD3E /* TestApp */ = {
			isa = PBXFileSystemSynchronizedRootGroup;
			exceptions = (
				51E66FB02F073D9900DCCD3E /* Exceptions for "TestApp" folder in "TestApp" target */,
			);
			path = TestApp;
			sourceTree = "<group>";
		};
		51E6717C2F084D1B00DCCD3E /* WatchApp Watch App */ = {
			isa = PBXFileSystemSynchronizedRootGroup;
			exceptions = (
				51E671902F084E0000DCCD3E /* Exceptions for "WatchApp Watch App" folder in "TestWatchApp" target */,
			);
			path = "WatchApp Watch App";
			sourceTree = "<group>";
		};
/* End PBXFileSystemSynchronizedRootGroup section */

/* Begin PBXFrameworksBuildPhase section */
		51E66F822F073D9900DCCD3E /* Frameworks */ = {
			isa = PBXFrameworksBuildPhase;
			files = (
				51E66F912F073D9900DCCD3E /* HealthKit.framework in Frameworks */,
			);
		};
		51E66FA42F073D9900DCCD3E /* Frameworks */ = {
			isa = PBXFrameworksBuildPhase;
			files = (
				51E66FA92F073D9900DCCD3E /* HealthKitWrapper.framework in Frameworks */,
				51E66FAA2F073D9900DCCD3E /* HealthKit.framework in Frameworks */,
			);
		};
		51E671782F084D1B00DCCD3E /* Frameworks */ = {
			isa = PBXFrameworksBuildPhase;
			files = (
			);
		};
/* End PBXFrameworksBuildPhase section */

/* Begin PBXGroup section */
		51E66F7B2F073D9900DCCD3E = {
			isa = PBXGroup;
			children = (
				51E66F872F073D9900DCCD3E /* HealthKitWrapper */,
				51E66FA12F073D9900DCCD3E /* TestApp */,
				51E6717C2F084D1B00DCCD3E /* WatchApp Watch App */,
				51E66F862F073D9900DCCD3E /* Products */,
				51E66F922F073D9900DCCD3E /* Frameworks */,
			);
			sourceTree = "<group>";
		};
		51E66F862F073D9900DCCD3E /* Products */ = {
			isa = PBXGroup;
			children = (
				51E66F852F073D9900DCCD3E /* HealthKitWrapper.framework */,
				51E66FA02F073D9900DCCD3E /* TestApp.app */,
				51E6717B2F084D1B00DCCD3E /* TestWatchApp.app */,
			);
			name = Products;
			sourceTree = "<group>";
		};
		51E66F922F073D9900DCCD3E /* Frameworks */ = {
			isa = PBXGroup;
			children = (
				51E66F902F073D9900DCCD3E /* HealthKit.framework */,
			);
			name = Frameworks;
			sourceTree = "<group>";
		};
/* End PBXGroup section */

/* Begin PBXHeadersBuildPhase section */
		51E66F802F073D9900DCCD3E /* Headers */ = {
			isa = PBXHeadersBuildPhase;
			files = (
			);
		};
/* End PBXHeadersBuildPhase section */

/* Begin PBXNativeTarget section */
		51E66F842F073D9900DCCD3E /* HealthKitWrapper */ = {
			isa = PBXNativeTarget;
			buildConfigurationList = 51E66F8C2F073D9900DCCD3E /* Build configuration list for PBXNativeTarget "HealthKitWrapper" */;
			buildPhases = (
				51E66F802F073D9900DCCD3E /* Headers */,
				51E66F812F073D9900DCCD3E /* Sources */,
				51E66F822F073D9900DCCD3E /* Frameworks */,
				51E66F832F073D9900DCCD3E /* Resources */,
			);
			buildRules = (
			);
			fileSystemSynchronizedGroups = (
				51E66F872F073D9900DCCD3E /* HealthKitWrapper */,
			);
			name = HealthKitWrapper;
			productName = HealthKitWrapper;
			productReference = 51E66F852F073D9900DCCD3E /* HealthKitWrapper.framework */;
			productType = "com.apple.product-type.framework";
		};
		51E66FA22F073D9900DCCD3E /* TestApp */ = {
			isa = PBXNativeTarget;
			buildConfigurationList = 51E66FA82F073D9900DCCD3E /* Build configuration list for PBXNativeTarget "TestApp" */;
			buildPhases = (
				51E66FA32F073D9900DCCD3E /* Sources */,
				51E66FA42F073D9900DCCD3E /* Frameworks */,
				51E66FA52F073D9900DCCD3E /* Resources */,
				51E66FAD2F073D9900DCCD3E /* Embed Frameworks */,
				51E671892F084D1C00DCCD3E /* Embed Watch Content */,
			);
			buildRules = (
			);
			dependencies = (
				51E66FAB2F073D9900DCCD3E /* PBXTargetDependency */,
				51E671842F084D1C00DCCD3E /* PBXTargetDependency */,
			);
			fileSystemSynchronizedGroups = (
				51E66FA12F073D9900DCCD3E /* TestApp */,
			);
			name = TestApp;
			productName = TestApp;
			productReference = 51E66FA02F073D9900DCCD3E /* TestApp.app */;
			productType = "com.apple.product-type.application";
		};
		51E6717A2F084D1B00DCCD3E /* TestWatchApp */ = {
			isa = PBXNativeTarget;
			buildConfigurationList = 51E671862F084D1C00DCCD3E /* Build configuration list for PBXNativeTarget "TestWatchApp" */;
			buildPhases = (
				51E671772F084D1B00DCCD3E /* Sources */,
				51E671782F084D1B00DCCD3E /* Frameworks */,
				51E671792F084D1B00DCCD3E /* Resources */,
			);
			buildRules = (
			);
			fileSystemSynchronizedGroups = (
				51E6717C2F084D1B00DCCD3E /* WatchApp Watch App */,
			);
			name = TestWatchApp;
			productName = TestWatchApp;
			productReference = 51E6717B2F084D1B00DCCD3E /* TestWatchApp.app */;
			productType = "com.apple.product-type.application";
		};
/* End PBXNativeTarget section */

/* Begin PBXProject section */
		51E66F7C2F073D9900DCCD3E /* Project object */ = {
			isa = PBXProject;
			attributes = {
				BuildIndependentTargetsInParallel = 1;
				LastSwiftUpdateCheck = 2610;
				LastUpgradeCheck = 2610;
				TargetAttributes = {
					51E66F842F073D9900DCCD3E = {
						CreatedOnToolsVersion = 26.1;
						LastSwiftMigration = 2610;
					};
					51E66FA22F073D9900DCCD3E = {
						CreatedOnToolsVersion = 26.1;
					};
					51E6717A2F084D1B00DCCD3E = {
						CreatedOnToolsVersion = 26.1;
					};
				};
			};
			buildConfigurationList = 51E66F7F2F073D9900DCCD3E /* Build configuration list for PBXProject "HealthKitWrapper" */;
			developmentRegion = en;
			hasScannedForEncodings = 0;
			knownRegions = (
				en,
				Base,
			);
			mainGroup = 51E66F7B2F073D9900DCCD3E;
			minimizedProjectReferenceProxies = 1;
			preferredProjectObjectVersion = 90;
			productRefGroup = 51E66F862F073D9900DCCD3E /* Products */;
			projectDirPath = "";
			projectRoot = "";
			targets = (
				51E66F842F073D9900DCCD3E /* HealthKitWrapper */,
				51E66FA22F073D9900DCCD3E /* TestApp */,
				51E6717A2F084D1B00DCCD3E /* TestWatchApp */,
			);
		};
/* End PBXProject section */

/* Begin PBXResourcesBuildPhase section */
		51E66F832F073D9900DCCD3E /* Resources */ = {
			isa = PBXResourcesBuildPhase;
			files = (
			);
		};
		51E66FA52F073D9900DCCD3E /* Resources */ = {
			isa = PBXResourcesBuildPhase;
			files = (
			);
		};
		51E671792F084D1B00DCCD3E /* Resources */ = {
			isa = PBXResourcesBuildPhase;
			files = (
			);
		};
/* End PBXResourcesBuildPhase section */

/* Begin PBXSourcesBuildPhase section */
		51E66F812F073D9900DCCD3E /* Sources */ = {
			isa = PBXSourcesBuildPhase;
			files = (
			);
		};
		51E66FA32F073D9900DCCD3E /* Sources */ = {
			isa = PBXSourcesBuildPhase;
			files = (
			);
		};
		51E671772F084D1B00DCCD3E /* Sources */ = {
			isa = PBXSourcesBuildPhase;
			files = (
			);
		};
/* End PBXSourcesBuildPhase section */

/* Begin PBXTargetDependency section */
		51E66FAB2F073D9900DCCD3E /* PBXTargetDependency */ = {
			isa = PBXTargetDependency;
			target = 51E66F842F073D9900DCCD3E /* HealthKitWrapper */;
			targetProxy = 51E66FAC2F073D9900DCCD3E /* PBXContainerItemProxy */;
		};
		51E671842F084D1C00DCCD3E /* PBXTargetDependency */ = {
			isa = PBXTargetDependency;
			target = 51E6717A2F084D1B00DCCD3E /* TestWatchApp */;
			targetProxy = 51E671832F084D1C00DCCD3E /* PBXContainerItemProxy */;
		};
/* End PBXTargetDependency section */

/* Begin XCBuildConfiguration section */
		51E66F8A2F073D9900DCCD3E /* Debug configuration for PBXProject "HealthKitWrapper" */ = {
			isa = XCBuildConfiguration;
			buildSettings = {
				ALWAYS_SEARCH_USER_PATHS = NO;
				ASSETCATALOG_COMPILER_GENERATE_SWIFT_ASSET_SYMBOL_EXTENSIONS = YES;
				CLANG_ANALYZER_NONNULL = YES;
				CLANG_ANALYZER_NUMBER_OBJECT_CONVERSION = YES_AGGRESSIVE;
				CLANG_CXX_LANGUAGE_STANDARD = "gnu++20";
				CLANG_ENABLE_MODULES = YES;
				CLANG_ENABLE_OBJC_ARC = YES;
				CLANG_ENABLE_OBJC_WEAK = YES;
				CLANG_WARN_BLOCK_CAPTURE_AUTORELEASING = YES;
				CLANG_WARN_BOOL_CONVERSION = YES;
				CLANG_WARN_COMMA = YES;
				CLANG_WARN_CONSTANT_CONVERSION = YES;
				CLANG_WARN_DEPRECATED_OBJC_IMPLEMENTATIONS = YES;
				CLANG_WARN_DIRECT_OBJC_ISA_USAGE = YES_ERROR;
				CLANG_WARN_DOCUMENTATION_COMMENTS = YES;
				CLANG_WARN_EMPTY_BODY = YES;
				CLANG_WARN_ENUM_CONVERSION = YES;
				CLANG_WARN_INFINITE_RECURSION = YES;
				CLANG_WARN_INT_CONVERSION = YES;
				CLANG_WARN_NON_LITERAL_NULL_CONVERSION = YES;
				CLANG_WARN_OBJC_IMPLICIT_RETAIN_SELF = YES;
				CLANG_WARN_OBJC_LITERAL_CONVERSION = YES;
				CLANG_WARN_OBJC_ROOT_CLASS = YES_ERROR;
				CLANG_WARN_QUOTED_INCLUDE_IN_FRAMEWORK_HEADER = YES;
				CLANG_WARN_RANGE_LOOP_ANALYSIS = YES;
				CLANG_WARN_STRICT_PROTOTYPES = YES;
				CLANG_WARN_SUSPICIOUS_MOVE = YES;
				CLANG_WARN_UNGUARDED_AVAILABILITY = YES_AGGRESSIVE;
				CLANG_WARN_UNREACHABLE_CODE = YES;
				CLANG_WARN__DUPLICATE_METHOD_MATCH = YES;
				COPY_PHASE_STRIP = NO;
				CURRENT_PROJECT_VERSION = 1;
				DEBUG_INFORMATION_FORMAT = dwarf;
				DEVELOPMENT_TEAM = KKH9PYG37X;
				ENABLE_STRICT_OBJC_MSGSEND = YES;
				ENABLE_TESTABILITY = YES;
				ENABLE_USER_SCRIPT_SANDBOXING = YES;
				GCC_C_LANGUAGE_STANDARD = gnu17;
				GCC_DYNAMIC_NO_PIC = NO;
				GCC_NO_COMMON_BLOCKS = YES;
				GCC_OPTIMIZATION_LEVEL = 0;
				GCC_PREPROCESSOR_DEFINITIONS = (
					"DEBUG=1",
					"$(inherited)",
				);
				GCC_WARN_64_TO_32_BIT_CONVERSION = YES;
				GCC_WARN_ABOUT_RETURN_TYPE = YES_ERROR;
				GCC_WARN_UNDECLARED_SELECTOR = YES;
				GCC_WARN_UNINITIALIZED_AUTOS = YES_AGGRESSIVE;
				GCC_WARN_UNUSED_FUNCTION = YES;
				GCC_WARN_UNUSED_VARIABLE = YES;
				LOCALIZATION_PREFERS_STRING_CATALOGS = YES;
				MTL_ENABLE_DEBUG_INFO = INCLUDE_SOURCE;
				MTL_FAST_MATH = YES;
				ONLY_ACTIVE_ARCH = YES;
				SWIFT_ACTIVE_COMPILATION_CONDITIONS = "DEBUG $(inherited)";
				SWIFT_OPTIMIZATION_LEVEL = "-Onone";
				VERSIONING_SYSTEM = "apple-generic";
				VERSION_INFO_PREFIX = "";
			};
			name = Debug;
		};
		51E66F8B2F073D9900DCCD3E /* Release configuration for PBXProject "HealthKitWrapper" */ = {
			isa = XCBuildConfiguration;
			buildSettings = {
				ALWAYS_SEARCH_USER_PATHS = NO;
				ASSETCATALOG_COMPILER_GENERATE_SWIFT_ASSET_SYMBOL_EXTENSIONS = YES;
				CLANG_ANALYZER_NONNULL = YES;
				CLANG_ANALYZER_NUMBER_OBJECT_CONVERSION = YES_AGGRESSIVE;
				CLANG_CXX_LANGUAGE_STANDARD = "gnu++20";
				CLANG_ENABLE_MODULES = YES;
				CLANG_ENABLE_OBJC_ARC = YES;
				CLANG_ENABLE_OBJC_WEAK = YES;
				CLANG_WARN_BLOCK_CAPTURE_AUTORELEASING = YES;
				CLANG_WARN_BOOL_CONVERSION = YES;
				CLANG_WARN_COMMA = YES;
				CLANG_WARN_CONSTANT_CONVERSION = YES;
				CLANG_WARN_DEPRECATED_OBJC_IMPLEMENTATIONS = YES;
				CLANG_WARN_DIRECT_OBJC_ISA_USAGE = YES_ERROR;
				CLANG_WARN_DOCUMENTATION_COMMENTS = YES;
				CLANG_WARN_EMPTY_BODY = YES;
				CLANG_WARN_ENUM_CONVERSION = YES;
				CLANG_WARN_INFINITE_RECURSION = YES;
				CLANG_WARN_INT_CONVERSION = YES;
				CLANG_WARN_NON_LITERAL_NULL_CONVERSION = YES;
				CLANG_WARN_OBJC_IMPLICIT_RETAIN_SELF = YES;
				CLANG_WARN_OBJC_LITERAL_CONVERSION = YES;
				CLANG_WARN_OBJC_ROOT_CLASS = YES_ERROR;
				CLANG_WARN_QUOTED_INCLUDE_IN_FRAMEWORK_HEADER = YES;
				CLANG_WARN_RANGE_LOOP_ANALYSIS = YES;
				CLANG_WARN_STRICT_PROTOTYPES = YES;
				CLANG_WARN_SUSPICIOUS_MOVE = YES;
				CLANG_WARN_UNGUARDED_AVAILABILITY = YES_AGGRESSIVE;
				CLANG_WARN_UNREACHABLE_CODE = YES;
				CLANG_WARN__DUPLICATE_METHOD_MATCH = YES;
				COPY_PHASE_STRIP = NO;
				CURRENT_PROJECT_VERSION = 1;
				DEBUG_INFORMATION_FORMAT = "dwarf-with-dsym";
				DEVELOPMENT_TEAM = KKH9PYG37X;
				ENABLE_NS_ASSERTIONS = NO;
				ENABLE_STRICT_OBJC_MSGSEND = YES;
				ENABLE_USER_SCRIPT_SANDBOXING = YES;
				GCC_C_LANGUAGE_STANDARD = gnu17;
				GCC_NO_COMMON_BLOCKS = YES;
				GCC_WARN_64_TO_32_BIT_CONVERSION = YES;
				GCC_WARN_ABOUT_RETURN_TYPE = YES_ERROR;
				GCC_WARN_UNDECLARED_SELECTOR = YES;
				GCC_WARN_UNINITIALIZED_AUTOS = YES_AGGRESSIVE;
				GCC_WARN_UNUSED_FUNCTION = YES;
				GCC_WARN_UNUSED_VARIABLE = YES;
				LOCALIZATION_PREFERS_STRING_CATALOGS = YES;
				MTL_ENABLE_DEBUG_INFO = NO;
				MTL_FAST_MATH = YES;
				SWIFT_COMPILATION_MODE = wholemodule;
				VERSIONING_SYSTEM = "apple-generic";
				VERSION_INFO_PREFIX = "";
			};
			name = Release;
		};
		51E66F8D2F073D9900DCCD3E /* Debug configuration for PBXNativeTarget "HealthKitWrapper" */ = {
			isa = XCBuildConfiguration;
			buildSettings = {
				ALLOW_TARGET_PLATFORM_SPECIALIZATION = YES;
				BUILD_LIBRARY_FOR_DISTRIBUTION = YES;
				CLANG_ENABLE_MODULES = YES;
				CODE_SIGN_STYLE = Automatic;
				CURRENT_PROJECT_VERSION = 1;
				DEFINES_MODULE = YES;
				DEVELOPMENT_TEAM = KKH9PYG37X;
				DYLIB_COMPATIBILITY_VERSION = 1;
				DYLIB_CURRENT_VERSION = 1;
				DYLIB_INSTALL_NAME_BASE = "@rpath";
				ENABLE_MODULE_VERIFIER = YES;
				GENERATE_INFOPLIST_FILE = YES;
				INFOPLIST_KEY_NSHumanReadableCopyright = "";
				INSTALL_PATH = "$(LOCAL_LIBRARY_DIR)/Frameworks";
				IPHONEOS_DEPLOYMENT_TARGET = 26.1;
				LD_RUNPATH_SEARCH_PATHS = (
					"@executable_path/Frameworks",
					"@loader_path/Frameworks",
				);
				"LD_RUNPATH_SEARCH_PATHS[sdk=macosx*]" = (
					"@executable_path/../Frameworks",
					"@loader_path/Frameworks",
				);
				MACOSX_DEPLOYMENT_TARGET = 26.1;
				MARKETING_VERSION = 1.0;
				MODULE_VERIFIER_SUPPORTED_LANGUAGES = "objective-c objective-c++";
				MODULE_VERIFIER_SUPPORTED_LANGUAGE_STANDARDS = "gnu17 gnu++20";
				PRODUCT_BUNDLE_IDENTIFIER = com.op3e.HealthKitWrapper;
				PRODUCT_NAME = "$(TARGET_NAME:c99extidentifier)";
				SDKROOT = auto;
				SKIP_INSTALL = YES;
				STRING_CATALOG_GENERATE_SYMBOLS = YES;
				SUPPORTED_PLATFORMS = "iphoneos iphonesimulator macosx xros xrsimulator";
				SWIFT_APPROACHABLE_CONCURRENCY = YES;
				SWIFT_EMIT_LOC_STRINGS = YES;
				SWIFT_INSTALL_MODULE = YES;
				SWIFT_INSTALL_OBJC_HEADER = NO;
				SWIFT_OPTIMIZATION_LEVEL = "-Onone";
				SWIFT_UPCOMING_FEATURE_MEMBER_IMPORT_VISIBILITY = YES;
				SWIFT_VERSION = 5.0;
				TARGETED_DEVICE_FAMILY = "1,2,7";
				XROS_DEPLOYMENT_TARGET = 26.1;
			};
			name = Debug;
		};
		51E66F8E2F073D9900DCCD3E /* Release configuration for PBXNativeTarget "HealthKitWrapper" */ = {
			isa = XCBuildConfiguration;
			buildSettings = {
				ALLOW_TARGET_PLATFORM_SPECIALIZATION = YES;
				BUILD_LIBRARY_FOR_DISTRIBUTION = YES;
				CLANG_ENABLE_MODULES = YES;
				CODE_SIGN_STYLE = Automatic;
				CURRENT_PROJECT_VERSION = 1;
				DEFINES_MODULE = YES;
				DEVELOPMENT_TEAM = KKH9PYG37X;
				DYLIB_COMPATIBILITY_VERSION = 1;
				DYLIB_CURRENT_VERSION = 1;
				DYLIB_INSTALL_NAME_BASE = "@rpath";
				ENABLE_MODULE_VERIFIER = YES;
				GENERATE_INFOPLIST_FILE = YES;
				INFOPLIST_KEY_NSHumanReadableCopyright = "";
				INSTALL_PATH = "$(LOCAL_LIBRARY_DIR)/Frameworks";
				IPHONEOS_DEPLOYMENT_TARGET = 26.1;
				LD_RUNPATH_SEARCH_PATHS = (
					"@executable_path/Frameworks",
					"@loader_path/Frameworks",
				);
				"LD_RUNPATH_SEARCH_PATHS[sdk=macosx*]" = (
					"@executable_path/../Frameworks",
					"@loader_path/Frameworks",
				);
				MACOSX_DEPLOYMENT_TARGET = 26.1;
				MARKETING_VERSION = 1.0;
				MODULE_VERIFIER_SUPPORTED_LANGUAGES = "objective-c objective-c++";
				MODULE_VERIFIER_SUPPORTED_LANGUAGE_STANDARDS = "gnu17 gnu++20";
				PRODUCT_BUNDLE_IDENTIFIER = com.op3e.HealthKitWrapper;
				PRODUCT_NAME = "$(TARGET_NAME:c99extidentifier)";
				SDKROOT = auto;
				SKIP_INSTALL = YES;
				STRING_CATALOG_GENERATE_SYMBOLS = YES;
				SUPPORTED_PLATFORMS = "iphoneos iphonesimulator macosx xros xrsimulator";
				SWIFT_APPROACHABLE_CONCURRENCY = YES;
				SWIFT_EMIT_LOC_STRINGS = YES;
				SWIFT_INSTALL_MODULE = YES;
				SWIFT_INSTALL_OBJC_HEADER = NO;
				SWIFT_UPCOMING_FEATURE_MEMBER_IMPORT_VISIBILITY = YES;
				SWIFT_VERSION = 5.0;
				TARGETED_DEVICE_FAMILY = "1,2,7";
				XROS_DEPLOYMENT_TARGET = 26.1;
			};
			name = Release;
		};
		51E66FA62F073D9900DCCD3E /* Debug configuration for PBXNativeTarget "TestApp" */ = {
			isa = XCBuildConfiguration;
			buildSettings = {
				ASSETCATALOG_COMPILER_APPICON_NAME = AppIcon;
				CODE_SIGN_ENTITLEMENTS = TestApp/TestApp.entitlements;
				CODE_SIGN_STYLE = Automatic;
				CURRENT_PROJECT_VERSION = 1;
				DEVELOPMENT_TEAM = KKH9PYG37X;
				GENERATE_INFOPLIST_FILE = NO;
				INFOPLIST_FILE = TestApp/Info.plist;
				IPHONEOS_DEPLOYMENT_TARGET = 17.0;
				LD_RUNPATH_SEARCH_PATHS = (
					"$(inherited)",
					"@executable_path/Frameworks",
				);
				MARKETING_VERSION = 1.0;
				PRODUCT_BUNDLE_IDENTIFIER = com.op3e.diego;
				PRODUCT_NAME = "$(TARGET_NAME)";
				SDKROOT = iphoneos;
				SWIFT_EMIT_LOC_STRINGS = YES;
				SWIFT_OBJC_BRIDGING_HEADER = "TestApp/TestApp-Bridging-Header.h";
				SWIFT_VERSION = 5.0;
				TARGETED_DEVICE_FAMILY = "1,2";
			};
			name = Debug;
		};
		51E66FA72F073D9900DCCD3E /* Release configuration for PBXNativeTarget "TestApp" */ = {
			isa = XCBuildConfiguration;
			buildSettings = {
				ASSETCATALOG_COMPILER_APPICON_NAME = AppIcon;
				CODE_SIGN_ENTITLEMENTS = TestApp/TestApp.entitlements;
				CODE_SIGN_STYLE = Automatic;
				CURRENT_PROJECT_VERSION = 1;
				DEVELOPMENT_TEAM = KKH9PYG37X;
				GENERATE_INFOPLIST_FILE = NO;
				INFOPLIST_FILE = TestApp/Info.plist;
				IPHONEOS_DEPLOYMENT_TARGET = 17.0;
				LD_RUNPATH_SEARCH_PATHS = (
					"$(inherited)",
					"@executable_path/Frameworks",
				);
				MARKETING_VERSION = 1.0;
				PRODUCT_BUNDLE_IDENTIFIER = com.op3e.diego;
				PRODUCT_NAME = "$(TARGET_NAME)";
				SDKROOT = iphoneos;
				SWIFT_EMIT_LOC_STRINGS = YES;
				SWIFT_OBJC_BRIDGING_HEADER = "TestApp/TestApp-Bridging-Header.h";
				SWIFT_VERSION = 5.0;
				TARGETED_DEVICE_FAMILY = "1,2";
				VALIDATE_PRODUCT = YES;
			};
			name = Release;
		};
		51E671872F084D1C00DCCD3E /* Debug configuration for PBXNativeTarget "TestWatchApp" */ = {
			isa = XCBuildConfiguration;
			buildSettings = {
				ASSETCATALOG_COMPILER_APPICON_NAME = AppIcon;
				ASSETCATALOG_COMPILER_GLOBAL_ACCENT_COLOR_NAME = AccentColor;
				CODE_SIGN_ENTITLEMENTS = "WatchApp Watch App/WatchApp.entitlements";
				CODE_SIGN_STYLE = Automatic;
				CURRENT_PROJECT_VERSION = 1;
				DEVELOPMENT_TEAM = KKH9PYG37X;
				ENABLE_PREVIEWS = YES;
				GENERATE_INFOPLIST_FILE = NO;
				INFOPLIST_FILE = "WatchApp Watch App/Info.plist";
				LD_RUNPATH_SEARCH_PATHS = (
					"$(inherited)",
					"@executable_path/Frameworks",
				);
				MARKETING_VERSION = 1.0;
				PRODUCT_BUNDLE_IDENTIFIER = com.op3e.diego.watchkitapp;
				PRODUCT_NAME = "$(TARGET_NAME)";
				SDKROOT = watchos;
				SKIP_INSTALL = YES;
				STRING_CATALOG_GENERATE_SYMBOLS = YES;
				SWIFT_APPROACHABLE_CONCURRENCY = YES;
				SWIFT_DEFAULT_ACTOR_ISOLATION = MainActor;
				SWIFT_EMIT_LOC_STRINGS = YES;
				SWIFT_UPCOMING_FEATURE_MEMBER_IMPORT_VISIBILITY = YES;
				SWIFT_VERSION = 5.0;
				TARGETED_DEVICE_FAMILY = 4;
				WATCHOS_DEPLOYMENT_TARGET = 10.6;
			};
			name = Debug;
		};
		51E671882F084D1C00DCCD3E /* Release configuration for PBXNativeTarget "TestWatchApp" */ = {
			isa = XCBuildConfiguration;
			buildSettings = {
				ASSETCATALOG_COMPILER_APPICON_NAME = AppIcon;
				ASSETCATALOG_COMPILER_GLOBAL_ACCENT_COLOR_NAME = AccentColor;
				CODE_SIGN_ENTITLEMENTS = "WatchApp Watch App/WatchApp.entitlements";
				CODE_SIGN_STYLE = Automatic;
				CURRENT_PROJECT_VERSION = 1;
				DEVELOPMENT_TEAM = KKH9PYG37X;
				ENABLE_PREVIEWS = YES;
				GENERATE_INFOPLIST_FILE = NO;
				INFOPLIST_FILE = "WatchApp Watch App/Info.plist";
				LD_RUNPATH_SEARCH_PATHS = (
					"$(inherited)",
					"@executable_path/Frameworks",
				);
				MARKETING_VERSION = 1.0;
				PRODUCT_BUNDLE_IDENTIFIER = com.op3e.diego.watchkitapp;
				PRODUCT_NAME = "$(TARGET_NAME)";
				SDKROOT = watchos;
				SKIP_INSTALL = YES;
				STRING_CATALOG_GENERATE_SYMBOLS = YES;
				SWIFT_APPROACHABLE_CONCURRENCY = YES;
				SWIFT_DEFAULT_ACTOR_ISOLATION = MainActor;
				SWIFT_EMIT_LOC_STRINGS = YES;
				SWIFT_UPCOMING_FEATURE_MEMBER_IMPORT_VISIBILITY = YES;
				SWIFT_VERSION = 5.0;
				TARGETED_DEVICE_FAMILY = 4;
				VALIDATE_PRODUCT = YES;
				WATCHOS_DEPLOYMENT_TARGET = 10.6;
			};
			name = Release;
		};
/* End XCBuildConfiguration section */

/* Begin XCConfigurationList section */
		51E66F7F2F073D9900DCCD3E /* Build configuration list for PBXProject "HealthKitWrapper" */ = {
			isa = XCConfigurationList;
			buildConfigurations = (
				51E66F8A2F073D9900DCCD3E /* Debug configuration for PBXProject "HealthKitWrapper" */,
				51E66F8B2F073D9900DCCD3E /* Release configuration for PBXProject "HealthKitWrapper" */,
			);
			defaultConfigurationName = Release;
		};
		51E66F8C2F073D9900DCCD3E /* Build configuration list for PBXNativeTarget "HealthKitWrapper" */ = {
			isa = XCConfigurationList;
			buildConfigurations = (
				51E66F8D2F073D9900DCCD3E /* Debug configuration for PBXNativeTarget "HealthKitWrapper" */,
				51E66F8E2F073D9900DCCD3E /* Release configuration for PBXNativeTarget "HealthKitWrapper" */,
			);
			defaultConfigurationName = Release;
		};
		51E66FA82F073D9900DCCD3E /* Build configuration list for PBXNativeTarget "TestApp" */ = {
			isa = XCConfigurationList;
			buildConfigurations = (
				51E66FA62F073D9900DCCD3E /* Debug configuration for PBXNativeTarget "TestApp" */,
				51E66FA72F073D9900DCCD3E /* Release configuration for PBXNativeTarget "TestApp" */,
			);
			defaultConfigurationName = Release;
		};
		51E671862F084D1C00DCCD3E /* Build configuration list for PBXNativeTarget "TestWatchApp" */ = {
			isa = XCConfigurationList;
			buildConfigurations = (
				51E671872F084D1C00DCCD3E /* Debug configuration for PBXNativeTarget "TestWatchApp" */,
				51E671882F084D1C00DCCD3E /* Release configuration for PBXNativeTarget "TestWatchApp" */,
			);
			defaultConfigurationName = Release;
		};
/* End XCConfigurationList section */
	};
	rootObject = 51E66F7C2F073D9900DCCD3E /* Project object */;
}
